
Microsoft Visual Studio Solution File, Format Version 12.00
# Visual Studio Version 16
VisualStudioVersion = 16.0.29123.88
MinimumVisualStudioVersion = 10.0.40219.1
Project("{FAE04EC0-301F-11D3-BF4B-00C04F79EFBC}") = "WebApi", "WebApi\WebApi.csproj", "{501831B1-680C-4DAC-AA99-172BBB1B4A4E}"
EndProject
Project("{FAE04EC0-301F-11D3-BF4B-00C04F79EFBC}") = "WebApiTests", "WebApiTests\WebApiTests.csproj", "{BC4BBB62-17C9-4C8A-B114-5C16C0B87F9D}"
EndProject
Global
	GlobalSection(SolutionConfigurationPlatforms) = preSolution
		Debug|Any CPU = Debug|Any CPU
		Release|Any CPU = Release|Any CPU
	EndGlobalSection
	GlobalSection(ProjectConfigurationPlatforms) = postSolution
		{501831B1-680C-4DAC-AA99-172BBB1B4A4E}.Debug|Any CPU.ActiveCfg = Debug|Any CPU
		{501831B1-680C-4DAC-AA99-172BBB1B4A4E}.Debug|Any CPU.Build.0 = Debug|Any CPU
		{501831B1-680C-4DAC-AA99-172BBB1B4A4E}.Release|Any CPU.ActiveCfg = Release|Any CPU
		{501831B1-680C-4DAC-AA99-172BBB1B4A4E}.Release|Any CPU.Build.0 = Release|Any CPU
		{BC4BBB62-17C9-4C8A-B114-5C16C0B87F9D}.Debug|Any CPU.ActiveCfg = Debug|Any CPU
		{BC4BBB62-17C9-4C8A-B114-5C16C0B87F9D}.Debug|Any CPU.Build.0 = Debug|Any CPU
		{BC4BBB62-17C9-4C8A-B114-5C16C0B87F9D}.Release|Any CPU.ActiveCfg = Release|Any CPU
		{BC4BBB62-17C9-4C8A-B114-5C16C0B87F9D}.Release|Any CPU.Build.0 = Release|Any CPU
	EndGlobalSection
	GlobalSection(SolutionProperties) = preSolution
		HideSolutionNode = FALSE
	EndGlobalSection
	GlobalSection(ExtensibilityGlobals) = postSolution
		SolutionGuid = {E99776C2-76C7-456D-8DFA-0603EA62E1A2}
	EndGlobalSection
EndGlobal
